
Microsoft Visual Studio Solution File, Format Version 12.00
# Visual Studio Version 17
VisualStudioVersion = 17.8.34525.116
MinimumVisualStudioVersion = 10.0.40219.1
Project("{FAE04EC0-301F-11D3-BF4B-00C04F79EFBC}") = "labeladdbutton", "labeladdbutton\labeladdbutton.csproj", "{3EE43357-9635-4F59-B361-14A5988EDC6C}"
EndProject
Global
	GlobalSection(SolutionConfigurationPlatforms) = preSolution
		Debug|Any CPU = Debug|Any CPU
		Release|Any CPU = Release|Any CPU
	EndGlobalSection
	GlobalSection(ProjectConfigurationPlatforms) = postSolution
		{3EE43357-9635-4F59-B361-14A5988EDC6C}.Debug|Any CPU.ActiveCfg = Debug|Any CPU
		{3EE43357-9635-4F59-B361-14A5988EDC6C}.Debug|Any CPU.Build.0 = Debug|Any CPU
		{3EE43357-9635-4F59-B361-14A5988EDC6C}.Release|Any CPU.ActiveCfg = Release|Any CPU
		{3EE43357-9635-4F59-B361-14A5988EDC6C}.Release|Any CPU.Build.0 = Release|Any CPU
	EndGlobalSection
	GlobalSection(SolutionProperties) = preSolution
		HideSolutionNode = FALSE
	EndGlobalSection
	GlobalSection(ExtensibilityGlobals) = postSolution
		SolutionGuid = {F540A1D5-C423-47BD-80FB-6288F21248D3}
	EndGlobalSection
EndGlobal
