
Microsoft Visual Studio Solution File, Format Version 12.00
# Visual Studio Version 17
VisualStudioVersion = 17.8.34525.116
MinimumVisualStudioVersion = 10.0.40219.1
Project("{FAE04EC0-301F-11D3-BF4B-00C04F79EFBC}") = "ex240220_File_InputAndOutput", "ex240220_File_InputAndOutput\ex240220_File_InputAndOutput.csproj", "{599CEF4B-F05F-459A-948F-3F83141A4704}"
EndProject
Global
	GlobalSection(SolutionConfigurationPlatforms) = preSolution
		Debug|Any CPU = Debug|Any CPU
		Release|Any CPU = Release|Any CPU
	EndGlobalSection
	GlobalSection(ProjectConfigurationPlatforms) = postSolution
		{599CEF4B-F05F-459A-948F-3F83141A4704}.Debug|Any CPU.ActiveCfg = Debug|Any CPU
		{599CEF4B-F05F-459A-948F-3F83141A4704}.Debug|Any CPU.Build.0 = Debug|Any CPU
		{599CEF4B-F05F-459A-948F-3F83141A4704}.Release|Any CPU.ActiveCfg = Release|Any CPU
		{599CEF4B-F05F-459A-948F-3F83141A4704}.Release|Any CPU.Build.0 = Release|Any CPU
	EndGlobalSection
	GlobalSection(SolutionProperties) = preSolution
		HideSolutionNode = FALSE
	EndGlobalSection
	GlobalSection(ExtensibilityGlobals) = postSolution
		SolutionGuid = {DA82DF16-7282-4F45-B707-376921177FF6}
	EndGlobalSection
EndGlobal
