
Microsoft Visual Studio Solution File, Format Version 12.00
# Visual Studio Version 17
VisualStudioVersion = 17.8.34525.116
MinimumVisualStudioVersion = 10.0.40219.1
Project("{FAE04EC0-301F-11D3-BF4B-00C04F79EFBC}") = "ex240219_2", "ex240219_2\ex240219_2.csproj", "{980295E6-CBCF-4B8D-921C-1DA4BA20D281}"
EndProject
Project("{FAE04EC0-301F-11D3-BF4B-00C04F79EFBC}") = "WindowsFormsApp1", "WindowsFormsApp1\WindowsFormsApp1.csproj", "{D9D1B128-2ED9-483E-92E9-82237424BD82}"
EndProject
Global
	GlobalSection(SolutionConfigurationPlatforms) = preSolution
		Debug|Any CPU = Debug|Any CPU
		Release|Any CPU = Release|Any CPU
	EndGlobalSection
	GlobalSection(ProjectConfigurationPlatforms) = postSolution
		{980295E6-CBCF-4B8D-921C-1DA4BA20D281}.Debug|Any CPU.ActiveCfg = Debug|Any CPU
		{980295E6-CBCF-4B8D-921C-1DA4BA20D281}.Debug|Any CPU.Build.0 = Debug|Any CPU
		{980295E6-CBCF-4B8D-921C-1DA4BA20D281}.Release|Any CPU.ActiveCfg = Release|Any CPU
		{980295E6-CBCF-4B8D-921C-1DA4BA20D281}.Release|Any CPU.Build.0 = Release|Any CPU
		{D9D1B128-2ED9-483E-92E9-82237424BD82}.Debug|Any CPU.ActiveCfg = Debug|Any CPU
		{D9D1B128-2ED9-483E-92E9-82237424BD82}.Debug|Any CPU.Build.0 = Debug|Any CPU
		{D9D1B128-2ED9-483E-92E9-82237424BD82}.Release|Any CPU.ActiveCfg = Release|Any CPU
		{D9D1B128-2ED9-483E-92E9-82237424BD82}.Release|Any CPU.Build.0 = Release|Any CPU
	EndGlobalSection
	GlobalSection(SolutionProperties) = preSolution
		HideSolutionNode = FALSE
	EndGlobalSection
	GlobalSection(ExtensibilityGlobals) = postSolution
		SolutionGuid = {87692DBB-0D84-4965-AF0E-0A026348E4CA}
	EndGlobalSection
EndGlobal
